Microsoft Visual Studio Solution File, Format Version 12.00
# Visual Studio 15
VisualStudioVersion = 15.0.26228.0
MinimumVisualStudioVersion = 10.0.40219.1
Project("{2150E333-8FDC-42A3-9474-1A3956D46DE8}") = "src", "src", "{272E2E53-AED4-445D-B4CD-301EAF94B418}"
EndProject
Project("{9A19103F-16F7-4668-BE54-9A1E7A4F7556}") = "Microsoft.NET.Sdk.Publish", "src\Microsoft.NET.Sdk.Publish\Microsoft.NET.Sdk.Publish.csproj", "{38B6D169-B8EF-411B-A5B2-3D0AC0845A1E}"
EndProject
Project("{9A19103F-16F7-4668-BE54-9A1E7A4F7556}") = "Microsoft.NET.Sdk.Web", "src\Microsoft.NET.Sdk.Web\Microsoft.NET.Sdk.Web.csproj", "{73A7D995-E8BC-4057-841B-0D86EDA1E283}"
EndProject
Project("{9A19103F-16F7-4668-BE54-9A1E7A4F7556}") = "Microsoft.NET.Sdk.Web.ProjectSystem", "src\Microsoft.NET.Sdk.Web.ProjectSystem\Microsoft.NET.Sdk.Web.ProjectSystem.csproj", "{2489868C-71AB-442C-BDE2-8D58980CA9F9}"
EndProject
Project("{2150E333-8FDC-42A3-9474-1A3956D46DE8}") = "test", "test", "{6CB6DB50-4D03-42FB-BB43-5DA835322235}"
EndProject
Project("{2150E333-8FDC-42A3-9474-1A3956D46DE8}") = "Publish", "Publish", "{7AA91D13-D65F-4BD0-81C3-35FDF75D79A0}"
EndProject
Project("{9A19103F-16F7-4668-BE54-9A1E7A4F7556}") = "Microsoft.NET.Sdk.Publish.Tasks.Tests", "test\Publish\Microsoft.NET.Sdk.Publish.Tasks.Tests\Microsoft.NET.Sdk.Publish.Tasks.Tests.csproj", "{042E5E54-E0E3-46C3-B832-B619C33D5A2A}"
EndProject
Global
	GlobalSection(SolutionConfigurationPlatforms) = preSolution
		Debug|Any CPU = Debug|Any CPU
		Debug|x64 = Debug|x64
		Debug|x86 = Debug|x86
		Release|Any CPU = Release|Any CPU
		Release|x64 = Release|x64
		Release|x86 = Release|x86
	EndGlobalSection
	GlobalSection(ProjectConfigurationPlatforms) = postSolution
		{38B6D169-B8EF-411B-A5B2-3D0AC0845A1E}.Debug|Any CPU.ActiveCfg = Debug|Any CPU
		{38B6D169-B8EF-411B-A5B2-3D0AC0845A1E}.Debug|Any CPU.Build.0 = Debug|Any CPU
		{38B6D169-B8EF-411B-A5B2-3D0AC0845A1E}.Debug|x64.ActiveCfg = Debug|Any CPU
		{38B6D169-B8EF-411B-A5B2-3D0AC0845A1E}.Debug|x64.Build.0 = Debug|Any CPU
		{38B6D169-B8EF-411B-A5B2-3D0AC0845A1E}.Debug|x86.ActiveCfg = Debug|Any CPU
		{38B6D169-B8EF-411B-A5B2-3D0AC0845A1E}.Debug|x86.Build.0 = Debug|Any CPU
		{38B6D169-B8EF-411B-A5B2-3D0AC0845A1E}.Release|Any CPU.ActiveCfg = Release|Any CPU
		{38B6D169-B8EF-411B-A5B2-3D0AC0845A1E}.Release|Any CPU.Build.0 = Release|Any CPU
		{38B6D169-B8EF-411B-A5B2-3D0AC0845A1E}.Release|x64.ActiveCfg = Release|Any CPU
		{38B6D169-B8EF-411B-A5B2-3D0AC0845A1E}.Release|x64.Build.0 = Release|Any CPU
		{38B6D169-B8EF-411B-A5B2-3D0AC0845A1E}.Release|x86.ActiveCfg = Release|Any CPU
		{38B6D169-B8EF-411B-A5B2-3D0AC0845A1E}.Release|x86.Build.0 = Release|Any CPU
		{73A7D995-E8BC-4057-841B-0D86EDA1E283}.Debug|Any CPU.ActiveCfg = Debug|Any CPU
		{73A7D995-E8BC-4057-841B-0D86EDA1E283}.Debug|Any CPU.Build.0 = Debug|Any CPU
		{73A7D995-E8BC-4057-841B-0D86EDA1E283}.Debug|x64.ActiveCfg = Debug|Any CPU
		{73A7D995-E8BC-4057-841B-0D86EDA1E283}.Debug|x64.Build.0 = Debug|Any CPU
		{73A7D995-E8BC-4057-841B-0D86EDA1E283}.Debug|x86.ActiveCfg = Debug|Any CPU
		{73A7D995-E8BC-4057-841B-0D86EDA1E283}.Debug|x86.Build.0 = Debug|Any CPU
		{73A7D995-E8BC-4057-841B-0D86EDA1E283}.Release|Any CPU.ActiveCfg = Release|Any CPU
		{73A7D995-E8BC-4057-841B-0D86EDA1E283}.Release|Any CPU.Build.0 = Release|Any CPU
		{73A7D995-E8BC-4057-841B-0D86EDA1E283}.Release|x64.ActiveCfg = Release|Any CPU
		{73A7D995-E8BC-4057-841B-0D86EDA1E283}.Release|x64.Build.0 = Release|Any CPU
		{73A7D995-E8BC-4057-841B-0D86EDA1E283}.Release|x86.ActiveCfg = Release|Any CPU
		{73A7D995-E8BC-4057-841B-0D86EDA1E283}.Release|x86.Build.0 = Release|Any CPU
		{2489868C-71AB-442C-BDE2-8D58980CA9F9}.Debug|Any CPU.ActiveCfg = Debug|Any CPU
		{2489868C-71AB-442C-BDE2-8D58980CA9F9}.Debug|Any CPU.Build.0 = Debug|Any CPU
		{2489868C-71AB-442C-BDE2-8D58980CA9F9}.Debug|x64.ActiveCfg = Debug|Any CPU
		{2489868C-71AB-442C-BDE2-8D58980CA9F9}.Debug|x64.Build.0 = Debug|Any CPU
		{2489868C-71AB-442C-BDE2-8D58980CA9F9}.Debug|x86.ActiveCfg = Debug|Any CPU
		{2489868C-71AB-442C-BDE2-8D58980CA9F9}.Debug|x86.Build.0 = Debug|Any CPU
		{2489868C-71AB-442C-BDE2-8D58980CA9F9}.Release|Any CPU.ActiveCfg = Release|Any CPU
		{2489868C-71AB-442C-BDE2-8D58980CA9F9}.Release|Any CPU.Build.0 = Release|Any CPU
		{2489868C-71AB-442C-BDE2-8D58980CA9F9}.Release|x64.ActiveCfg = Release|Any CPU
		{2489868C-71AB-442C-BDE2-8D58980CA9F9}.Release|x64.Build.0 = Release|Any CPU
		{2489868C-71AB-442C-BDE2-8D58980CA9F9}.Release|x86.ActiveCfg = Release|Any CPU
		{2489868C-71AB-442C-BDE2-8D58980CA9F9}.Release|x86.Build.0 = Release|Any CPU
		{042E5E54-E0E3-46C3-B832-B619C33D5A2A}.Debug|Any CPU.ActiveCfg = Debug|Any CPU
		{042E5E54-E0E3-46C3-B832-B619C33D5A2A}.Debug|Any CPU.Build.0 = Debug|Any CPU
		{042E5E54-E0E3-46C3-B832-B619C33D5A2A}.Debug|x64.ActiveCfg = Debug|Any CPU
		{042E5E54-E0E3-46C3-B832-B619C33D5A2A}.Debug|x64.Build.0 = Debug|Any CPU
		{042E5E54-E0E3-46C3-B832-B619C33D5A2A}.Debug|x86.ActiveCfg = Debug|Any CPU
		{042E5E54-E0E3-46C3-B832-B619C33D5A2A}.Debug|x86.Build.0 = Debug|Any CPU
		{042E5E54-E0E3-46C3-B832-B619C33D5A2A}.Release|Any CPU.ActiveCfg = Release|Any CPU
		{042E5E54-E0E3-46C3-B832-B619C33D5A2A}.Release|Any CPU.Build.0 = Release|Any CPU
		{042E5E54-E0E3-46C3-B832-B619C33D5A2A}.Release|x64.ActiveCfg = Release|Any CPU
		{042E5E54-E0E3-46C3-B832-B619C33D5A2A}.Release|x64.Build.0 = Release|Any CPU
		{042E5E54-E0E3-46C3-B832-B619C33D5A2A}.Release|x86.ActiveCfg = Release|Any CPU
		{042E5E54-E0E3-46C3-B832-B619C33D5A2A}.Release|x86.Build.0 = Release|Any CPU
	EndGlobalSection
	GlobalSection(SolutionProperties) = preSolution
		HideSolutionNode = FALSE
	EndGlobalSection
	GlobalSection(NestedProjects) = preSolution
		{38B6D169-B8EF-411B-A5B2-3D0AC0845A1E} = {272E2E53-AED4-445D-B4CD-301EAF94B418}
		{73A7D995-E8BC-4057-841B-0D86EDA1E283} = {272E2E53-AED4-445D-B4CD-301EAF94B418}
		{2489868C-71AB-442C-BDE2-8D58980CA9F9} = {272E2E53-AED4-445D-B4CD-301EAF94B418}
		{7AA91D13-D65F-4BD0-81C3-35FDF75D79A0} = {6CB6DB50-4D03-42FB-BB43-5DA835322235}
		{042E5E54-E0E3-46C3-B832-B619C33D5A2A} = {7AA91D13-D65F-4BD0-81C3-35FDF75D79A0}
	EndGlobalSection
EndGlobal
